Microsoft Visual Studio Solution File, Format Version 11.00
# Visual Studio 2008

Project("{E7AD66CC-EA8D-CBA9-BCEA-ACF286AE6F75}") = "H_Game", "Assembly-CSharp.csproj", "{8A4016EA-F9E0-B860-9DBC-1D7DC27BC87A}"
EndProject
Project("{E7AD66CC-EA8D-CBA9-BCEA-ACF286AE6F75}") = "H_Game", "Assembly-CSharp-Editor.csproj", "{B207C327-BEC0-70BF-75A3-3DABEE341D61}"
EndProject
Global
	GlobalSection(SolutionConfigurationPlatforms) = preSolution
		Debug|Any CPU = Debug|Any CPU
		Release|Any CPU = Release|Any CPU
	EndGlobalSection
	GlobalSection(ProjectConfigurationPlatforms) = postSolution
		{8A4016EA-F9E0-B860-9DBC-1D7DC27BC87A}.Debug|Any CPU.ActiveCfg = Debug|Any CPU
		{8A4016EA-F9E0-B860-9DBC-1D7DC27BC87A}.Debug|Any CPU.Build.0 = Debug|Any CPU
		{8A4016EA-F9E0-B860-9DBC-1D7DC27BC87A}.Release|Any CPU.ActiveCfg = Release|Any CPU
		{8A4016EA-F9E0-B860-9DBC-1D7DC27BC87A}.Release|Any CPU.Build.0 = Release|Any CPU
		{B207C327-BEC0-70BF-75A3-3DABEE341D61}.Debug|Any CPU.ActiveCfg = Debug|Any CPU
		{B207C327-BEC0-70BF-75A3-3DABEE341D61}.Debug|Any CPU.Build.0 = Debug|Any CPU
		{B207C327-BEC0-70BF-75A3-3DABEE341D61}.Release|Any CPU.ActiveCfg = Release|Any CPU
		{B207C327-BEC0-70BF-75A3-3DABEE341D61}.Release|Any CPU.Build.0 = Release|Any CPU
	EndGlobalSection
	GlobalSection(SolutionProperties) = preSolution
		HideSolutionNode = FALSE
	EndGlobalSection
	GlobalSection(MonoDevelopProperties) = preSolution
		StartupItem = Assembly-CSharp.csproj
	EndGlobalSection
EndGlobal
